
Microsoft Visual Studio Solution File, Format Version 12.00
# Visual Studio Version 16
VisualStudioVersion = 16.0.29911.84
MinimumVisualStudioVersion = 10.0.40219.1
Project("{FAE04EC0-301F-11D3-BF4B-00C04F79EFBC}") = "Clash-of-Code-CSharp", "Clash-of-Code-CSharp.csproj", "{5C614599-FC6D-422B-8B8B-81B83ED3C0A4}"
EndProject
Global
	GlobalSection(SolutionConfigurationPlatforms) = preSolution
		Debug|Any CPU = Debug|Any CPU
		Release|Any CPU = Release|Any CPU
	EndGlobalSection
	GlobalSection(ProjectConfigurationPlatforms) = postSolution
		{5C614599-FC6D-422B-8B8B-81B83ED3C0A4}.Debug|Any CPU.ActiveCfg = Debug|Any CPU
		{5C614599-FC6D-422B-8B8B-81B83ED3C0A4}.Debug|Any CPU.Build.0 = Debug|Any CPU
		{5C614599-FC6D-422B-8B8B-81B83ED3C0A4}.Release|Any CPU.ActiveCfg = Release|Any CPU
		{5C614599-FC6D-422B-8B8B-81B83ED3C0A4}.Release|Any CPU.Build.0 = Release|Any CPU
	EndGlobalSection
	GlobalSection(SolutionProperties) = preSolution
		HideSolutionNode = FALSE
	EndGlobalSection
	GlobalSection(ExtensibilityGlobals) = postSolution
		SolutionGuid = {52CA60DE-5278-4B26-BA63-424A0201A775}
	EndGlobalSection
EndGlobal
